
Microsoft Visual Studio Solution File, Format Version 11.00
# Visual Studio 2010 Express for Windows Phone
Project("{FAE04EC0-301F-11D3-BF4B-00C04F79EFBC}") = "RailBaron", "RailBaron.csproj", "{CC0A5D8E-E7A8-4166-B242-E5486D2AE490}"
EndProject
Global
	GlobalSection(SolutionConfigurationPlatforms) = preSolution
		Debug|Any CPU = Debug|Any CPU
		Release|Any CPU = Release|Any CPU
	EndGlobalSection
	GlobalSection(ProjectConfigurationPlatforms) = postSolution
		{CC0A5D8E-E7A8-4166-B242-E5486D2AE490}.Debug|Any CPU.ActiveCfg = Debug|Any CPU
		{CC0A5D8E-E7A8-4166-B242-E5486D2AE490}.Debug|Any CPU.Build.0 = Debug|Any CPU
		{CC0A5D8E-E7A8-4166-B242-E5486D2AE490}.Debug|Any CPU.Deploy.0 = Debug|Any CPU
		{CC0A5D8E-E7A8-4166-B242-E5486D2AE490}.Release|Any CPU.ActiveCfg = Release|Any CPU
		{CC0A5D8E-E7A8-4166-B242-E5486D2AE490}.Release|Any CPU.Build.0 = Release|Any CPU
		{CC0A5D8E-E7A8-4166-B242-E5486D2AE490}.Release|Any CPU.Deploy.0 = Release|Any CPU
	EndGlobalSection
	GlobalSection(SolutionProperties) = preSolution
		HideSolutionNode = FALSE
	EndGlobalSection
EndGlobal
